{
  "name": "ai-toolkit",
  "version": "1.0.0",
  "lockfileVersion": 3,
  "requires": true,
  "packages": {
    "": {
      "name": "ai-toolkit",
      "version": "1.0.0",
      "hasInstallScript": true,
      "license": "MIT",
      "bin": {
        "ai-toolkit": "bin/cli.js"
      },
      "engines": {
        "node": ">=16.0.0"
      }
    }
  }
}
